
Microsoft Visual Studio Solution File, Format Version 12.00
# Visual Studio 15
VisualStudioVersion = 15.0.27428.2002
MinimumVisualStudioVersion = 10.0.40219.1
Project("{FAE04EC0-301F-11D3-BF4B-00C04F79EFBC}") = "App_Images", "App_Images\App_Images.csproj", "{C0928E59-A5BD-4FD2-BF87-3A4A16EB4A20}"
EndProject
Global
	GlobalSection(SolutionConfigurationPlatforms) = preSolution
		Debug|Any CPU = Debug|Any CPU
		Release|Any CPU = Release|Any CPU
	EndGlobalSection
	GlobalSection(ProjectConfigurationPlatforms) = postSolution
		{C0928E59-A5BD-4FD2-BF87-3A4A16EB4A20}.Debug|Any CPU.ActiveCfg = Debug|Any CPU
		{C0928E59-A5BD-4FD2-BF87-3A4A16EB4A20}.Debug|Any CPU.Build.0 = Debug|Any CPU
		{C0928E59-A5BD-4FD2-BF87-3A4A16EB4A20}.Release|Any CPU.ActiveCfg = Release|Any CPU
		{C0928E59-A5BD-4FD2-BF87-3A4A16EB4A20}.Release|Any CPU.Build.0 = Release|Any CPU
	EndGlobalSection
	GlobalSection(SolutionProperties) = preSolution
		HideSolutionNode = FALSE
	EndGlobalSection
	GlobalSection(ExtensibilityGlobals) = postSolution
		SolutionGuid = {41F3F85A-AA54-40D2-B491-4FBD625C767F}
	EndGlobalSection
EndGlobal
